// !$*UTF8*$!
{
	archiveVersion = 1;
	classes = {
	};
	objectVersion = 50;
	objects = {

/* Begin PBXBuildFile section */
		AE36DAE6230AA18D00C6006D /* AppDelegate.swift in Sources */ = {isa = PBXBuildFile; fileRef = AE36DAE5230AA18D00C6006D /* AppDelegate.swift */; };
		AE36DAE8230AA18D00C6006D /* ViewController.swift in Sources */ = {isa = PBXBuildFile; fileRef = AE36DAE7230AA18D00C6006D /* ViewController.swift */; };
		AE36DAEB230AA18D00C6006D /* Main.storyboard in Resources */ = {isa = PBXBuildFile; fileRef = AE36DAE9230AA18D00C6006D /* Main.storyboard */; };
		AE36DAEE230AA18D00C6006D /* MapKitProject.xcdatamodeld in Sources */ = {isa = PBXBuildFile; fileRef = AE36DAEC230AA18D00C6006D /* MapKitProject.xcdatamodeld */; };
		AE36DAF0230AA18E00C6006D /* Assets.xcassets in Resources */ = {isa = PBXBuildFile; fileRef = AE36DAEF230AA18E00C6006D /* Assets.xcassets */; };
		AE36DAF3230AA18E00C6006D /* LaunchScreen.storyboard in Resources */ = {isa = PBXBuildFile; fileRef = AE36DAF1230AA18E00C6006D /* LaunchScreen.storyboard */; };
/* End PBXBuildFile section */

/* Begin PBXFileReference section */
		AE36DAE2230AA18D00C6006D /* MapKitProject.app */ = {isa = PBXFileReference; explicitFileType = wrapper.application; includeInIndex = 0; path = MapKitProject.app; sourceTree = BUILT_PRODUCTS_DIR; };
		AE36DAE5230AA18D00C6006D /* AppDelegate.swift */ = {isa = PBXFileReference; lastKnownFileType = sourcecode.swift; path = AppDelegate.swift; sourceTree = "<group>"; };
		AE36DAE7230AA18D00C6006D /* ViewController.swift */ = {isa = PBXFileReference; lastKnownFileType = sourcecode.swift; path = ViewController.swift; sourceTree = "<group>"; };
		AE36DAEA230AA18D00C6006D /* Base */ = {isa = PBXFileReference; lastKnownFileType = file.storyboard; name = Base; path = Base.lproj/Main.storyboard; sourceTree = "<group>"; };
		AE36DAED230AA18D00C6006D /* MapKitProject.xcdatamodel */ = {isa = PBXFileReference; lastKnownFileType = wrapper.xcdatamodel; path = MapKitProject.xcdatamodel; sourceTree = "<group>"; };
		AE36DAEF230AA18E00C6006D /* Assets.xcassets */ = {isa = PBXFileReference; lastKnownFileType = folder.assetcatalog; path = Assets.xcassets; sourceTree = "<group>"; };
		AE36DAF2230AA18E00C6006D /* Base */ = {isa = PBXFileReference; lastKnownFileType = file.storyboard; name = Base; path = Base.lproj/LaunchScreen.storyboard; sourceTree = "<group>"; };
		AE36DAF4230AA18E00C6006D /* Info.plist */ = {isa = PBXFileReference; lastKnownFileType = text.plist.xml; path = Info.plist; sourceTree = "<group>"; };
/* End PBXFileReference section */

/* Begin PBXFrameworksBuildPhase section */
		AE36DADF230AA18D00C6006D /* Frameworks */ = {
			isa = PBXFrameworksBuildPhase;
			buildActionMask = 2147483647;
			files = (
			);
			runOnlyForDeploymentPostprocessing = 0;
		};
/* End PBXFrameworksBuildPhase section */

/* Begin PBXGroup section */
		AE36DAD9230AA18D00C6006D = {
			isa = PBXGroup;
			children = (
				AE36DAE4230AA18D00C6006D /* MapKitProject */,
				AE36DAE3230AA18D00C6006D /* Products */,
			);
			sourceTree = "<group>";
		};
		AE36DAE3230AA18D00C6006D /* Products */ = {
			isa = PBXGroup;
			children = (
				AE36DAE2230AA18D00C6006D /* MapKitProject.app */,
			);
			name = Products;
			sourceTree = "<group>";
		};
		AE36DAE4230AA18D00C6006D /* MapKitProject */ = {
			isa = PBXGroup;
			children = (
				AE36DAE5230AA18D00C6006D /* AppDelegate.swift */,
				AE36DAE7230AA18D00C6006D /* ViewController.swift */,
				AE36DAE9230AA18D00C6006D /* Main.storyboard */,
				AE36DAEF230AA18E00C6006D /* Assets.xcassets */,
				AE36DAF1230AA18E00C6006D /* LaunchScreen.storyboard */,
				AE36DAF4230AA18E00C6006D /* Info.plist */,
				AE36DAEC230AA18D00C6006D /* MapKitProject.xcdatamodeld */,
			);
			path = MapKitProject;
			sourceTree = "<group>";
		};
/* End PBXGroup section */

/* Begin PBXNativeTarget section */
		AE36DAE1230AA18D00C6006D /* MapKitProject */ = {
			isa = PBXNativeTarget;
			buildConfigurationList = AE36DAF7230AA18E00C6006D /* Build configuration list for PBXNativeTarget "MapKitProject" */;
			buildPhases = (
				AE36DADE230AA18D00C6006D /* Sources */,
				AE36DADF230AA18D00C6006D /* Frameworks */,
				AE36DAE0230AA18D00C6006D /* Resources */,
			);
			buildRules = (
			);
			dependencies = (
			);
			name = MapKitProject;
			productName = MapKitProject;
			productReference = AE36DAE2230AA18D00C6006D /* MapKitProject.app */;
			productType = "com.apple.product-type.application";
		};
/* End PBXNativeTarget section */

/* Begin PBXProject section */
		AE36DADA230AA18D00C6006D /* Project object */ = {
			isa = PBXProject;
			attributes = {
				LastSwiftUpdateCheck = 1020;
				LastUpgradeCheck = 1020;
				ORGANIZATIONNAME = iSal;
				TargetAttributes = {
					AE36DAE1230AA18D00C6006D = {
						CreatedOnToolsVersion = 10.2.1;
					};
				};
			};
			buildConfigurationList = AE36DADD230AA18D00C6006D /* Build configuration list for PBXProject "MapKitProject" */;
			compatibilityVersion = "Xcode 9.3";
			developmentRegion = en;
			hasScannedForEncodings = 0;
			knownRegions = (
				en,
				Base,
			);
			mainGroup = AE36DAD9230AA18D00C6006D;
			productRefGroup = AE36DAE3230AA18D00C6006D /* Products */;
			projectDirPath = "";
			projectRoot = "";
			targets = (
				AE36DAE1230AA18D00C6006D /* MapKitProject */,
			);
		};
/* End PBXProject section */

/* Begin PBXResourcesBuildPhase section */
		AE36DAE0230AA18D00C6006D /* Resources */ = {
			isa = PBXResourcesBuildPhase;
			buildActionMask = 2147483647;
			files = (
				AE36DAF3230AA18E00C6006D /* LaunchScreen.storyboard in Resources */,
				AE36DAF0230AA18E00C6006D /* Assets.xcassets in Resources */,
				AE36DAEB230AA18D00C6006D /* Main.storyboard in Resources */,
			);
			runOnlyForDeploymentPostprocessing = 0;
		};
/* End PBXResourcesBuildPhase section */

/* Begin PBXSourcesBuildPhase section */
		AE36DADE230AA18D00C6006D /* Sources */ = {
			isa = PBXSourcesBuildPhase;
			buildActionMask = 2147483647;
			files = (
				AE36DAE8230AA18D00C6006D /* ViewController.swift in Sources */,
				AE36DAE6230AA18D00C6006D /* AppDelegate.swift in Sources */,
				AE36DAEE230AA18D00C6006D /* MapKitProject.xcdatamodeld in Sources */,
			);
			runOnlyForDeploymentPostprocessing = 0;
		};
/* End PBXSourcesBuildPhase section */

/* Begin PBXVariantGroup section */
		AE36DAE9230AA18D00C6006D /* Main.storyboard */ = {
			isa = PBXVariantGroup;
			children = (
				AE36DAEA230AA18D00C6006D /* Base */,
			);
			name = Main.storyboard;
			sourceTree = "<group>";
		};
		AE36DAF1230AA18E00C6006D /* LaunchScreen.storyboard */ = {
			isa = PBXVariantGroup;
			children = (
				AE36DAF2230AA18E00C6006D /* Base */,
			);
			name = LaunchScreen.storyboard;
			sourceTree = "<group>";
		};
/* End PBXVariantGroup section */

/* Begin XCBuildConfiguration section */
		AE36DAF5230AA18E00C6006D /* Debug */ = {
			isa = XCBuildConfiguration;
			buildSettings = {
				ALWAYS_SEARCH_USER_PATHS = NO;
				CLANG_ANALYZER_NONNULL = YES;
				CLANG_ANALYZER_NUMBER_OBJECT_CONVERSION = YES_AGGRESSIVE;
				CLANG_CXX_LANGUAGE_STANDARD = "gnu++14";
				CLANG_CXX_LIBRARY = "libc++";
				CLANG_ENABLE_MODULES = YES;
				CLANG_ENABLE_OBJC_ARC = YES;
				CLANG_ENABLE_OBJC_WEAK = YES;
				CLANG_WARN_BLOCK_CAPTURE_AUTORELEASING = YES;
				CLANG_WARN_BOOL_CONVERSION = YES;
				CLANG_WARN_COMMA = YES;
				CLANG_WARN_CONSTANT_CONVERSION = YES;
				CLANG_WARN_DEPRECATED_OBJC_IMPLEMENTATIONS = YES;
				CLANG_WARN_DIRECT_OBJC_ISA_USAGE = YES_ERROR;
				CLANG_WARN_DOCUMENTATION_COMMENTS = YES;
				CLANG_WARN_EMPTY_BODY = YES;
				CLANG_WARN_ENUM_CONVERSION = YES;
				CLANG_WARN_INFINITE_RECURSION = YES;
				CLANG_WARN_INT_CONVERSION = YES;
				CLANG_WARN_NON_LITERAL_NULL_CONVERSION = YES;
				CLANG_WARN_OBJC_IMPLICIT_RETAIN_SELF = YES;
				CLANG_WARN_OBJC_LITERAL_CONVERSION = YES;
				CLANG_WARN_OBJC_ROOT_CLASS = YES_ERROR;
				CLANG_WARN_RANGE_LOOP_ANALYSIS = YES;
				CLANG_WARN_STRICT_PROTOTYPES = YES;
				CLANG_WARN_SUSPICIOUS_MOVE = YES;
				CLANG_WARN_UNGUARDED_AVAILABILITY = YES_AGGRESSIVE;
				CLANG_WARN_UNREACHABLE_CODE = YES;
				CLANG_WARN__DUPLICATE_METHOD_MATCH = YES;
				CODE_SIGN_IDENTITY = "iPhone Developer";
				COPY_PHASE_STRIP = NO;
				DEBUG_INFORMATION_FORMAT = dwarf;
				ENABLE_STRICT_OBJC_MSGSEND = YES;
				ENABLE_TESTABILITY = YES;
				GCC_C_LANGUAGE_STANDARD = gnu11;
				GCC_DYNAMIC_NO_PIC = NO;
				GCC_NO_COMMON_BLOCKS = YES;
				GCC_OPTIMIZATION_LEVEL = 0;
				GCC_PREPROCESSOR_DEFINITIONS = (
					"DEBUG=1",
					"$(inherited)",
				);
				GCC_WARN_64_TO_32_BIT_CONVERSION = YES;
				GCC_WARN_ABOUT_RETURN_TYPE = YES_ERROR;
				GCC_WARN_UNDECLARED_SELECTOR = YES;
				GCC_WARN_UNINITIALIZED_AUTOS = YES_AGGRESSIVE;
				GCC_WARN_UNUSED_FUNCTION = YES;
				GCC_WARN_UNUSED_VARIABLE = YES;
				IPHONEOS_DEPLOYMENT_TARGET = 12.2;
				MTL_ENABLE_DEBUG_INFO = INCLUDE_SOURCE;
				MTL_FAST_MATH = YES;
				ONLY_ACTIVE_ARCH = YES;
				SDKROOT = iphoneos;
				SWIFT_ACTIVE_COMPILATION_CONDITIONS = DEBUG;
				SWIFT_OPTIMIZATION_LEVEL = "-Onone";
			};
			name = Debug;
		};
		AE36DAF6230AA18E00C6006D /* Release */ = {
			isa = XCBuildConfiguration;
			buildSettings = {
				ALWAYS_SEARCH_USER_PATHS = NO;
				CLANG_ANALYZER_NONNULL = YES;
				CLANG_ANALYZER_NUMBER_OBJECT_CONVERSION = YES_AGGRESSIVE;
				CLANG_CXX_LANGUAGE_STANDARD = "gnu++14";
				CLANG_CXX_LIBRARY = "libc++";
				CLANG_ENABLE_MODULES = YES;
				CLANG_ENABLE_OBJC_ARC = YES;
				CLANG_ENABLE_OBJC_WEAK = YES;
				CLANG_WARN_BLOCK_CAPTURE_AUTORELEASING = YES;
				CLANG_WARN_BOOL_CONVERSION = YES;
				CLANG_WARN_COMMA = YES;
				CLANG_WARN_CONSTANT_CONVERSION = YES;
				CLANG_WARN_DEPRECATED_OBJC_IMPLEMENTATIONS = YES;
				CLANG_WARN_DIRECT_OBJC_ISA_USAGE = YES_ERROR;
				CLANG_WARN_DOCUMENTATION_COMMENTS = YES;
				CLANG_WARN_EMPTY_BODY = YES;
				CLANG_WARN_ENUM_CONVERSION = YES;
				CLANG_WARN_INFINITE_RECURSION = YES;
				CLANG_WARN_INT_CONVERSION = YES;
				CLANG_WARN_NON_LITERAL_NULL_CONVERSION = YES;
				CLANG_WARN_OBJC_IMPLICIT_RETAIN_SELF = YES;
				CLANG_WARN_OBJC_LITERAL_CONVERSION = YES;
				CLANG_WARN_OBJC_ROOT_CLASS = YES_ERROR;
				CLANG_WARN_RANGE_LOOP_ANALYSIS = YES;
				CLANG_WARN_STRICT_PROTOTYPES = YES;
				CLANG_WARN_SUSPICIOUS_MOVE = YES;
				CLANG_WARN_UNGUARDED_AVAILABILITY = YES_AGGRESSIVE;
				CLANG_WARN_UNREACHABLE_CODE = YES;
				CLANG_WARN__DUPLICATE_METHOD_MATCH = YES;
				CODE_SIGN_IDENTITY = "iPhone Developer";
				COPY_PHASE_STRIP = NO;
				DEBUG_INFORMATION_FORMAT = "dwarf-with-dsym";
				ENABLE_NS_ASSERTIONS = NO;
				ENABLE_STRICT_OBJC_MSGSEND = YES;
				GCC_C_LANGUAGE_STANDARD = gnu11;
				GCC_NO_COMMON_BLOCKS = YES;
				GCC_WARN_64_TO_32_BIT_CONVERSION = YES;
				GCC_WARN_ABOUT_RETURN_TYPE = YES_ERROR;
				GCC_WARN_UNDECLARED_SELECTOR = YES;
				GCC_WARN_UNINITIALIZED_AUTOS = YES_AGGRESSIVE;
				GCC_WARN_UNUSED_FUNCTION = YES;
				GCC_WARN_UNUSED_VARIABLE = YES;
				IPHONEOS_DEPLOYMENT_TARGET = 12.2;
				MTL_ENABLE_DEBUG_INFO = NO;
				MTL_FAST_MATH = YES;
				SDKROOT = iphoneos;
				SWIFT_COMPILATION_MODE = wholemodule;
				SWIFT_OPTIMIZATION_LEVEL = "-O";
				VALIDATE_PRODUCT = YES;
			};
			name = Release;
		};
		AE36DAF8230AA18E00C6006D /* Debug */ = {
			isa = XCBuildConfiguration;
			buildSettings = {
				ASSETCATALOG_COMPILER_APPICON_NAME = AppIcon;
				CODE_SIGN_STYLE = Automatic;
				DEVELOPMENT_TEAM = 65U2DYU8H7;
				INFOPLIST_FILE = MapKitProject/Info.plist;
				LD_RUNPATH_SEARCH_PATHS = (
					"$(inherited)",
					"@executable_path/Frameworks",
				);
				PRODUCT_BUNDLE_IDENTIFIER = com.yusufaisal.MapKitProject;
				PRODUCT_NAME = "$(TARGET_NAME)";
				SWIFT_VERSION = 5.0;
				TARGETED_DEVICE_FAMILY = "1,2";
			};
			name = Debug;
		};
		AE36DAF9230AA18E00C6006D /* Release */ = {
			isa = XCBuildConfiguration;
			buildSettings = {
				ASSETCATALOG_COMPILER_APPICON_NAME = AppIcon;
				CODE_SIGN_STYLE = Automatic;
				DEVELOPMENT_TEAM = 65U2DYU8H7;
				INFOPLIST_FILE = MapKitProject/Info.plist;
				LD_RUNPATH_SEARCH_PATHS = (
					"$(inherited)",
					"@executable_path/Frameworks",
				);
				PRODUCT_BUNDLE_IDENTIFIER = com.yusufaisal.MapKitProject;
				PRODUCT_NAME = "$(TARGET_NAME)";
				SWIFT_VERSION = 5.0;
				TARGETED_DEVICE_FAMILY = "1,2";
			};
			name = Release;
		};
/* End XCBuildConfiguration section */

/* Begin XCConfigurationList section */
		AE36DADD230AA18D00C6006D /* Build configuration list for PBXProject "MapKitProject" */ = {
			isa = XCConfigurationList;
			buildConfigurations = (
				AE36DAF5230AA18E00C6006D /* Debug */,
				AE36DAF6230AA18E00C6006D /* Release */,
			);
			defaultConfigurationIsVisible = 0;
			defaultConfigurationName = Release;
		};
		AE36DAF7230AA18E00C6006D /* Build configuration list for PBXNativeTarget "MapKitProject" */ = {
			isa = XCConfigurationList;
			buildConfigurations = (
				AE36DAF8230AA18E00C6006D /* Debug */,
				AE36DAF9230AA18E00C6006D /* Release */,
			);
			defaultConfigurationIsVisible = 0;
			defaultConfigurationName = Release;
		};
/* End XCConfigurationList section */

/* Begin XCVersionGroup section */
		AE36DAEC230AA18D00C6006D /* MapKitProject.xcdatamodeld */ = {
			isa = XCVersionGroup;
			children = (
				AE36DAED230AA18D00C6006D /* MapKitProject.xcdatamodel */,
			);
			currentVersion = AE36DAED230AA18D00C6006D /* MapKitProject.xcdatamodel */;
			path = MapKitProject.xcdatamodeld;
			sourceTree = "<group>";
			versionGroupType = wrapper.xcdatamodel;
		};
/* End XCVersionGroup section */
	};
	rootObject = AE36DADA230AA18D00C6006D /* Project object */;
}
